
Microsoft Visual Studio Solution File, Format Version 12.00
# Visual Studio Version 17
VisualStudioVersion = 17.14.36603.0 d17.14
MinimumVisualStudioVersion = 10.0.40219.1
Project("{FAE04EC0-301F-11D3-BF4B-00C04F79EFBC}") = "oopbf", "oopbf\oopbf.csproj", "{64D7EA9C-0B61-475B-98B9-2896711B72D5}"
EndProject
Global
	GlobalSection(SolutionConfigurationPlatforms) = preSolution
		Debug|Any CPU = Debug|Any CPU
		Release|Any CPU = Release|Any CPU
	EndGlobalSection
	GlobalSection(ProjectConfigurationPlatforms) = postSolution
		{64D7EA9C-0B61-475B-98B9-2896711B72D5}.Debug|Any CPU.ActiveCfg = Debug|Any CPU
		{64D7EA9C-0B61-475B-98B9-2896711B72D5}.Debug|Any CPU.Build.0 = Debug|Any CPU
		{64D7EA9C-0B61-475B-98B9-2896711B72D5}.Release|Any CPU.ActiveCfg = Release|Any CPU
		{64D7EA9C-0B61-475B-98B9-2896711B72D5}.Release|Any CPU.Build.0 = Release|Any CPU
	EndGlobalSection
	GlobalSection(SolutionProperties) = preSolution
		HideSolutionNode = FALSE
	EndGlobalSection
	GlobalSection(ExtensibilityGlobals) = postSolution
		SolutionGuid = {1579C5EC-0309-4652-B2A7-C4927E968F91}
	EndGlobalSection
EndGlobal
